
Microsoft Visual Studio Solution File, Format Version 12.00
# Visual Studio 15
VisualStudioVersion = 15.0.26730.16
MinimumVisualStudioVersion = 10.0.40219.1
Project("{FAE04EC0-301F-11D3-BF4B-00C04F79EFBC}") = "Wheny.Core", "Wheny.Core\Wheny.Core.csproj", "{412FA735-5162-4534-8C9C-661313CFC0C6}"
EndProject
Project("{FAE04EC0-301F-11D3-BF4B-00C04F79EFBC}") = "Wheny.Web", "Wheny.Web\Wheny.Web.csproj", "{FD418798-F046-48E7-B5BC-D23B1B5BC4B0}"
EndProject
Global
	GlobalSection(SolutionConfigurationPlatforms) = preSolution
		Debug|Any CPU = Debug|Any CPU
		Release|Any CPU = Release|Any CPU
	EndGlobalSection
	GlobalSection(ProjectConfigurationPlatforms) = postSolution
		{412FA735-5162-4534-8C9C-661313CFC0C6}.Debug|Any CPU.ActiveCfg = Debug|Any CPU
		{412FA735-5162-4534-8C9C-661313CFC0C6}.Debug|Any CPU.Build.0 = Debug|Any CPU
		{412FA735-5162-4534-8C9C-661313CFC0C6}.Release|Any CPU.ActiveCfg = Release|Any CPU
		{412FA735-5162-4534-8C9C-661313CFC0C6}.Release|Any CPU.Build.0 = Release|Any CPU
		{FD418798-F046-48E7-B5BC-D23B1B5BC4B0}.Debug|Any CPU.ActiveCfg = Debug|Any CPU
		{FD418798-F046-48E7-B5BC-D23B1B5BC4B0}.Debug|Any CPU.Build.0 = Debug|Any CPU
		{FD418798-F046-48E7-B5BC-D23B1B5BC4B0}.Release|Any CPU.ActiveCfg = Release|Any CPU
		{FD418798-F046-48E7-B5BC-D23B1B5BC4B0}.Release|Any CPU.Build.0 = Release|Any CPU
	EndGlobalSection
	GlobalSection(SolutionProperties) = preSolution
		HideSolutionNode = FALSE
	EndGlobalSection
	GlobalSection(ExtensibilityGlobals) = postSolution
		SolutionGuid = {65943CB2-2B34-4222-90F1-E8DD2B0DA6DE}
	EndGlobalSection
EndGlobal
